// !$*UTF8*$!
{
	archiveVersion = 1;
	classes = {
	};
	objectVersion = 46;
	objects = {

/* Begin PBXBuildFile section */
		8C4E11BC18424C2F93F26728 /* libPods-arcturus.a in Frameworks */ = {isa = PBXBuildFile; fileRef = 2956DA7C69C6406188FEC7EC /* libPods-arcturus.a */; settings = {ATTRIBUTES = (Required, ); }; };
		FBE7DD5A19873D2D001EDF86 /* AppDelegate.swift in Sources */ = {isa = PBXBuildFile; fileRef = FBE7DD5919873D2D001EDF86 /* AppDelegate.swift */; };
		FBE7DD5D19873D2D001EDF86 /* arcturus.xcdatamodeld in Sources */ = {isa = PBXBuildFile; fileRef = FBE7DD5B19873D2D001EDF86 /* arcturus.xcdatamodeld */; };
		FBE7DD5F19873D2D001EDF86 /* ViewController.swift in Sources */ = {isa = PBXBuildFile; fileRef = FBE7DD5E19873D2D001EDF86 /* ViewController.swift */; };
		FBE7DD6219873D2D001EDF86 /* Main.storyboard in Resources */ = {isa = PBXBuildFile; fileRef = FBE7DD6019873D2D001EDF86 /* Main.storyboard */; };
		FBE7DD6419873D2D001EDF86 /* Images.xcassets in Resources */ = {isa = PBXBuildFile; fileRef = FBE7DD6319873D2D001EDF86 /* Images.xcassets */; };
		FBE7DD7019873D2D001EDF86 /* arcturusTests.swift in Sources */ = {isa = PBXBuildFile; fileRef = FBE7DD6F19873D2D001EDF86 /* arcturusTests.swift */; };
		FBE7DD7E1987A871001EDF86 /* CoreData.framework in Frameworks */ = {isa = PBXBuildFile; fileRef = FBE7DD7D1987A871001EDF86 /* CoreData.framework */; };
		FBE7DD801987A87B001EDF86 /* MapKit.framework in Frameworks */ = {isa = PBXBuildFile; fileRef = FBE7DD7F1987A87B001EDF86 /* MapKit.framework */; };
		FBE7DD821987A883001EDF86 /* CoreLocation.framework in Frameworks */ = {isa = PBXBuildFile; fileRef = FBE7DD811987A883001EDF86 /* CoreLocation.framework */; };
/* End PBXBuildFile section */

/* Begin PBXContainerItemProxy section */
		FBE7DD6A19873D2D001EDF86 /* PBXContainerItemProxy */ = {
			isa = PBXContainerItemProxy;
			containerPortal = FBE7DD4C19873D2D001EDF86 /* Project object */;
			proxyType = 1;
			remoteGlobalIDString = FBE7DD5319873D2D001EDF86;
			remoteInfo = arcturus;
		};
/* End PBXContainerItemProxy section */

/* Begin PBXFileReference section */
		2956DA7C69C6406188FEC7EC /* libPods-arcturus.a */ = {isa = PBXFileReference; explicitFileType = archive.ar; includeInIndex = 0; path = "libPods-arcturus.a"; sourceTree = BUILT_PRODUCTS_DIR; };
		788BFC914A024885850A9728 /* Pods-arcturus.xcconfig */ = {isa = PBXFileReference; includeInIndex = 1; lastKnownFileType = text.xcconfig; name = "Pods-arcturus.xcconfig"; path = "Pods/Pods-arcturus.xcconfig"; sourceTree = "<group>"; };
		FBE7DD5419873D2D001EDF86 /* arcturus.app */ = {isa = PBXFileReference; explicitFileType = wrapper.application; includeInIndex = 0; path = arcturus.app; sourceTree = BUILT_PRODUCTS_DIR; };
		FBE7DD5819873D2D001EDF86 /* Info.plist */ = {isa = PBXFileReference; lastKnownFileType = text.plist.xml; path = Info.plist; sourceTree = "<group>"; };
		FBE7DD5919873D2D001EDF86 /* AppDelegate.swift */ = {isa = PBXFileReference; lastKnownFileType = sourcecode.swift; path = AppDelegate.swift; sourceTree = "<group>"; };
		FBE7DD5C19873D2D001EDF86 /* arcturus.xcdatamodel */ = {isa = PBXFileReference; lastKnownFileType = wrapper.xcdatamodel; path = arcturus.xcdatamodel; sourceTree = "<group>"; };
		FBE7DD5E19873D2D001EDF86 /* ViewController.swift */ = {isa = PBXFileReference; lastKnownFileType = sourcecode.swift; path = ViewController.swift; sourceTree = "<group>"; };
		FBE7DD6119873D2D001EDF86 /* Base */ = {isa = PBXFileReference; lastKnownFileType = file.storyboard; name = Base; path = Base.lproj/Main.storyboard; sourceTree = "<group>"; };
		FBE7DD6319873D2D001EDF86 /* Images.xcassets */ = {isa = PBXFileReference; lastKnownFileType = folder.assetcatalog; path = Images.xcassets; sourceTree = "<group>"; };
		FBE7DD6919873D2D001EDF86 /* arcturusTests.xctest */ = {isa = PBXFileReference; explicitFileType = wrapper.cfbundle; includeInIndex = 0; path = arcturusTests.xctest; sourceTree = BUILT_PRODUCTS_DIR; };
		FBE7DD6E19873D2D001EDF86 /* Info.plist */ = {isa = PBXFileReference; lastKnownFileType = text.plist.xml; path = Info.plist; sourceTree = "<group>"; };
		FBE7DD6F19873D2D001EDF86 /* arcturusTests.swift */ = {isa = PBXFileReference; lastKnownFileType = sourcecode.swift; path = arcturusTests.swift; sourceTree = "<group>"; };
		FBE7DD7A1987A5C0001EDF86 /* arcturus-Bridging-Header.h */ = {isa = PBXFileReference; lastKnownFileType = sourcecode.c.h; path = "arcturus-Bridging-Header.h"; sourceTree = "<group>"; };
		FBE7DD7D1987A871001EDF86 /* CoreData.framework */ = {isa = PBXFileReference; lastKnownFileType = wrapper.framework; name = CoreData.framework; path = System/Library/Frameworks/CoreData.framework; sourceTree = SDKROOT; };
		FBE7DD7F1987A87B001EDF86 /* MapKit.framework */ = {isa = PBXFileReference; lastKnownFileType = wrapper.framework; name = MapKit.framework; path = System/Library/Frameworks/MapKit.framework; sourceTree = SDKROOT; };
		FBE7DD811987A883001EDF86 /* CoreLocation.framework */ = {isa = PBXFileReference; lastKnownFileType = wrapper.framework; name = CoreLocation.framework; path = System/Library/Frameworks/CoreLocation.framework; sourceTree = SDKROOT; };
/* End PBXFileReference section */

/* Begin PBXFrameworksBuildPhase section */
		FBE7DD5119873D2D001EDF86 /* Frameworks */ = {
			isa = PBXFrameworksBuildPhase;
			buildActionMask = 2147483647;
			files = (
				FBE7DD821987A883001EDF86 /* CoreLocation.framework in Frameworks */,
				FBE7DD801987A87B001EDF86 /* MapKit.framework in Frameworks */,
				FBE7DD7E1987A871001EDF86 /* CoreData.framework in Frameworks */,
				8C4E11BC18424C2F93F26728 /* libPods-arcturus.a in Frameworks */,
			);
			runOnlyForDeploymentPostprocessing = 0;
		};
		FBE7DD6619873D2D001EDF86 /* Frameworks */ = {
			isa = PBXFrameworksBuildPhase;
			buildActionMask = 2147483647;
			files = (
			);
			runOnlyForDeploymentPostprocessing = 0;
		};
/* End PBXFrameworksBuildPhase section */

/* Begin PBXGroup section */
		B89F5BC3926940EAAFD939A8 /* Frameworks */ = {
			isa = PBXGroup;
			children = (
				FBE7DD811987A883001EDF86 /* CoreLocation.framework */,
				FBE7DD7F1987A87B001EDF86 /* MapKit.framework */,
				FBE7DD7D1987A871001EDF86 /* CoreData.framework */,
				2956DA7C69C6406188FEC7EC /* libPods-arcturus.a */,
			);
			name = Frameworks;
			sourceTree = "<group>";
		};
		FBE7DD4B19873D2D001EDF86 = {
			isa = PBXGroup;
			children = (
				FBE7DD5619873D2D001EDF86 /* arcturus */,
				FBE7DD6C19873D2D001EDF86 /* arcturusTests */,
				FBE7DD5519873D2D001EDF86 /* Products */,
				788BFC914A024885850A9728 /* Pods-arcturus.xcconfig */,
				B89F5BC3926940EAAFD939A8 /* Frameworks */,
				FBE7DD7A1987A5C0001EDF86 /* arcturus-Bridging-Header.h */,
			);
			sourceTree = "<group>";
		};
		FBE7DD5519873D2D001EDF86 /* Products */ = {
			isa = PBXGroup;
			children = (
				FBE7DD5419873D2D001EDF86 /* arcturus.app */,
				FBE7DD6919873D2D001EDF86 /* arcturusTests.xctest */,
			);
			name = Products;
			sourceTree = "<group>";
		};
		FBE7DD5619873D2D001EDF86 /* arcturus */ = {
			isa = PBXGroup;
			children = (
				FBE7DD5919873D2D001EDF86 /* AppDelegate.swift */,
				FBE7DD5E19873D2D001EDF86 /* ViewController.swift */,
				FBE7DD6019873D2D001EDF86 /* Main.storyboard */,
				FBE7DD6319873D2D001EDF86 /* Images.xcassets */,
				FBE7DD5B19873D2D001EDF86 /* arcturus.xcdatamodeld */,
				FBE7DD5719873D2D001EDF86 /* Supporting Files */,
			);
			path = arcturus;
			sourceTree = "<group>";
		};
		FBE7DD5719873D2D001EDF86 /* Supporting Files */ = {
			isa = PBXGroup;
			children = (
				FBE7DD5819873D2D001EDF86 /* Info.plist */,
			);
			name = "Supporting Files";
			sourceTree = "<group>";
		};
		FBE7DD6C19873D2D001EDF86 /* arcturusTests */ = {
			isa = PBXGroup;
			children = (
				FBE7DD6F19873D2D001EDF86 /* arcturusTests.swift */,
				FBE7DD6D19873D2D001EDF86 /* Supporting Files */,
			);
			path = arcturusTests;
			sourceTree = "<group>";
		};
		FBE7DD6D19873D2D001EDF86 /* Supporting Files */ = {
			isa = PBXGroup;
			children = (
				FBE7DD6E19873D2D001EDF86 /* Info.plist */,
			);
			name = "Supporting Files";
			sourceTree = "<group>";
		};
/* End PBXGroup section */

/* Begin PBXNativeTarget section */
		FBE7DD5319873D2D001EDF86 /* arcturus */ = {
			isa = PBXNativeTarget;
			buildConfigurationList = FBE7DD7319873D2D001EDF86 /* Build configuration list for PBXNativeTarget "arcturus" */;
			buildPhases = (
				23F70C87E11344D49161700E /* Check Pods Manifest.lock */,
				FBE7DD5019873D2D001EDF86 /* Sources */,
				FBE7DD5119873D2D001EDF86 /* Frameworks */,
				FBE7DD5219873D2D001EDF86 /* Resources */,
				2B7B61BA1A814CFF80473158 /* Copy Pods Resources */,
			);
			buildRules = (
			);
			dependencies = (
			);
			name = arcturus;
			productName = arcturus;
			productReference = FBE7DD5419873D2D001EDF86 /* arcturus.app */;
			productType = "com.apple.product-type.application";
		};
		FBE7DD6819873D2D001EDF86 /* arcturusTests */ = {
			isa = PBXNativeTarget;
			buildConfigurationList = FBE7DD7619873D2D001EDF86 /* Build configuration list for PBXNativeTarget "arcturusTests" */;
			buildPhases = (
				FBE7DD6519873D2D001EDF86 /* Sources */,
				FBE7DD6619873D2D001EDF86 /* Frameworks */,
				FBE7DD6719873D2D001EDF86 /* Resources */,
			);
			buildRules = (
			);
			dependencies = (
				FBE7DD6B19873D2D001EDF86 /* PBXTargetDependency */,
			);
			name = arcturusTests;
			productName = arcturusTests;
			productReference = FBE7DD6919873D2D001EDF86 /* arcturusTests.xctest */;
			productType = "com.apple.product-type.bundle.unit-test";
		};
/* End PBXNativeTarget section */

/* Begin PBXProject section */
		FBE7DD4C19873D2D001EDF86 /* Project object */ = {
			isa = PBXProject;
			attributes = {
				LastUpgradeCheck = 0600;
				ORGANIZATIONNAME = coylums;
				TargetAttributes = {
					FBE7DD5319873D2D001EDF86 = {
						CreatedOnToolsVersion = 6.0;
					};
					FBE7DD6819873D2D001EDF86 = {
						CreatedOnToolsVersion = 6.0;
						TestTargetID = FBE7DD5319873D2D001EDF86;
					};
				};
			};
			buildConfigurationList = FBE7DD4F19873D2D001EDF86 /* Build configuration list for PBXProject "arcturus" */;
			compatibilityVersion = "Xcode 3.2";
			developmentRegion = English;
			hasScannedForEncodings = 0;
			knownRegions = (
				en,
				Base,
			);
			mainGroup = FBE7DD4B19873D2D001EDF86;
			productRefGroup = FBE7DD5519873D2D001EDF86 /* Products */;
			projectDirPath = "";
			projectRoot = "";
			targets = (
				FBE7DD5319873D2D001EDF86 /* arcturus */,
				FBE7DD6819873D2D001EDF86 /* arcturusTests */,
			);
		};
/* End PBXProject section */

/* Begin PBXResourcesBuildPhase section */
		FBE7DD5219873D2D001EDF86 /* Resources */ = {
			isa = PBXResourcesBuildPhase;
			buildActionMask = 2147483647;
			files = (
				FBE7DD6219873D2D001EDF86 /* Main.storyboard in Resources */,
				FBE7DD6419873D2D001EDF86 /* Images.xcassets in Resources */,
			);
			runOnlyForDeploymentPostprocessing = 0;
		};
		FBE7DD6719873D2D001EDF86 /* Resources */ = {
			isa = PBXResourcesBuildPhase;
			buildActionMask = 2147483647;
			files = (
			);
			runOnlyForDeploymentPostprocessing = 0;
		};
/* End PBXResourcesBuildPhase section */

/* Begin PBXShellScriptBuildPhase section */
		23F70C87E11344D49161700E /* Check Pods Manifest.lock */ = {
			isa = PBXShellScriptBuildPhase;
			buildActionMask = 2147483647;
			files = (
			);
			inputPaths = (
			);
			name = "Check Pods Manifest.lock";
			outputPaths = (
			);
			runOnlyForDeploymentPostprocessing = 0;
			shellPath = /bin/sh;
			shellScript = "diff \"${PODS_ROOT}/../Podfile.lock\" \"${PODS_ROOT}/Manifest.lock\" > /dev/null\nif [[ $? != 0 ]] ; then\n    cat << EOM\nerror: The sandbox is not in sync with the Podfile.lock. Run 'pod install' or update your CocoaPods installation.\nEOM\n    exit 1\nfi\n";
			showEnvVarsInLog = 0;
		};
		2B7B61BA1A814CFF80473158 /* Copy Pods Resources */ = {
			isa = PBXShellScriptBuildPhase;
			buildActionMask = 2147483647;
			files = (
			);
			inputPaths = (
			);
			name = "Copy Pods Resources";
			outputPaths = (
			);
			runOnlyForDeploymentPostprocessing = 0;
			shellPath = /bin/sh;
			shellScript = "\"${SRCROOT}/Pods/Pods-arcturus-resources.sh\"\n";
			showEnvVarsInLog = 0;
		};
/* End PBXShellScriptBuildPhase section */

/* Begin PBXSourcesBuildPhase section */
		FBE7DD5019873D2D001EDF86 /* Sources */ = {
			isa = PBXSourcesBuildPhase;
			buildActionMask = 2147483647;
			files = (
				FBE7DD5F19873D2D001EDF86 /* ViewController.swift in Sources */,
				FBE7DD5D19873D2D001EDF86 /* arcturus.xcdatamodeld in Sources */,
				FBE7DD5A19873D2D001EDF86 /* AppDelegate.swift in Sources */,
			);
			runOnlyForDeploymentPostprocessing = 0;
		};
		FBE7DD6519873D2D001EDF86 /* Sources */ = {
			isa = PBXSourcesBuildPhase;
			buildActionMask = 2147483647;
			files = (
				FBE7DD7019873D2D001EDF86 /* arcturusTests.swift in Sources */,
			);
			runOnlyForDeploymentPostprocessing = 0;
		};
/* End PBXSourcesBuildPhase section */

/* Begin PBXTargetDependency section */
		FBE7DD6B19873D2D001EDF86 /* PBXTargetDependency */ = {
			isa = PBXTargetDependency;
			target = FBE7DD5319873D2D001EDF86 /* arcturus */;
			targetProxy = FBE7DD6A19873D2D001EDF86 /* PBXContainerItemProxy */;
		};
/* End PBXTargetDependency section */

/* Begin PBXVariantGroup section */
		FBE7DD6019873D2D001EDF86 /* Main.storyboard */ = {
			isa = PBXVariantGroup;
			children = (
				FBE7DD6119873D2D001EDF86 /* Base */,
			);
			name = Main.storyboard;
			sourceTree = "<group>";
		};
/* End PBXVariantGroup section */

/* Begin XCBuildConfiguration section */
		FBE7DD7119873D2D001EDF86 /* Debug */ = {
			isa = XCBuildConfiguration;
			buildSettings = {
				ALWAYS_SEARCH_USER_PATHS = NO;
				CLANG_CXX_LANGUAGE_STANDARD = "gnu++0x";
				CLANG_CXX_LIBRARY = "libc++";
				CLANG_ENABLE_MODULES = YES;
				CLANG_ENABLE_OBJC_ARC = YES;
				CLANG_WARN_BOOL_CONVERSION = YES;
				CLANG_WARN_CONSTANT_CONVERSION = YES;
				CLANG_WARN_DIRECT_OBJC_ISA_USAGE = YES_ERROR;
				CLANG_WARN_EMPTY_BODY = YES;
				CLANG_WARN_ENUM_CONVERSION = YES;
				CLANG_WARN_INT_CONVERSION = YES;
				CLANG_WARN_OBJC_ROOT_CLASS = YES_ERROR;
				CLANG_WARN_UNREACHABLE_CODE = YES;
				CLANG_WARN__DUPLICATE_METHOD_MATCH = YES;
				"CODE_SIGN_IDENTITY[sdk=iphoneos*]" = "iPhone Developer";
				COPY_PHASE_STRIP = NO;
				ENABLE_STRICT_OBJC_MSGSEND = YES;
				GCC_C_LANGUAGE_STANDARD = gnu99;
				GCC_DYNAMIC_NO_PIC = NO;
				GCC_OPTIMIZATION_LEVEL = 0;
				GCC_PREPROCESSOR_DEFINITIONS = (
					"DEBUG=1",
					"$(inherited)",
				);
				GCC_SYMBOLS_PRIVATE_EXTERN = NO;
				GCC_WARN_64_TO_32_BIT_CONVERSION = YES;
				GCC_WARN_ABOUT_RETURN_TYPE = YES_ERROR;
				GCC_WARN_UNDECLARED_SELECTOR = YES;
				GCC_WARN_UNINITIALIZED_AUTOS = YES_AGGRESSIVE;
				GCC_WARN_UNUSED_FUNCTION = YES;
				GCC_WARN_UNUSED_VARIABLE = YES;
				IPHONEOS_DEPLOYMENT_TARGET = 8.0;
				MTL_ENABLE_DEBUG_INFO = YES;
				ONLY_ACTIVE_ARCH = YES;
				SDKROOT = iphoneos;
				SWIFT_OPTIMIZATION_LEVEL = "-Onone";
				df = "";
			};
			name = Debug;
		};
		FBE7DD7219873D2D001EDF86 /* Release */ = {
			isa = XCBuildConfiguration;
			buildSettings = {
				ALWAYS_SEARCH_USER_PATHS = NO;
				CLANG_CXX_LANGUAGE_STANDARD = "gnu++0x";
				CLANG_CXX_LIBRARY = "libc++";
				CLANG_ENABLE_MODULES = YES;
				CLANG_ENABLE_OBJC_ARC = YES;
				CLANG_WARN_BOOL_CONVERSION = YES;
				CLANG_WARN_CONSTANT_CONVERSION = YES;
				CLANG_WARN_DIRECT_OBJC_ISA_USAGE = YES_ERROR;
				CLANG_WARN_EMPTY_BODY = YES;
				CLANG_WARN_ENUM_CONVERSION = YES;
				CLANG_WARN_INT_CONVERSION = YES;
				CLANG_WARN_OBJC_ROOT_CLASS = YES_ERROR;
				CLANG_WARN_UNREACHABLE_CODE = YES;
				CLANG_WARN__DUPLICATE_METHOD_MATCH = YES;
				"CODE_SIGN_IDENTITY[sdk=iphoneos*]" = "iPhone Developer";
				COPY_PHASE_STRIP = YES;
				ENABLE_NS_ASSERTIONS = NO;
				ENABLE_STRICT_OBJC_MSGSEND = YES;
				GCC_C_LANGUAGE_STANDARD = gnu99;
				GCC_WARN_64_TO_32_BIT_CONVERSION = YES;
				GCC_WARN_ABOUT_RETURN_TYPE = YES_ERROR;
				GCC_WARN_UNDECLARED_SELECTOR = YES;
				GCC_WARN_UNINITIALIZED_AUTOS = YES_AGGRESSIVE;
				GCC_WARN_UNUSED_FUNCTION = YES;
				GCC_WARN_UNUSED_VARIABLE = YES;
				IPHONEOS_DEPLOYMENT_TARGET = 8.0;
				MTL_ENABLE_DEBUG_INFO = NO;
				SDKROOT = iphoneos;
				VALIDATE_PRODUCT = YES;
				df = "";
			};
			name = Release;
		};
		FBE7DD7419873D2D001EDF86 /* Debug */ = {
			isa = XCBuildConfiguration;
			baseConfigurationReference = 788BFC914A024885850A9728 /* Pods-arcturus.xcconfig */;
			buildSettings = {
				ASSETCATALOG_COMPILER_APPICON_NAME = AppIcon;
				ASSETCATALOG_COMPILER_LAUNCHIMAGE_NAME = LaunchImage;
				CLANG_ENABLE_MODULES = YES;
				INFOPLIST_FILE = arcturus/Info.plist;
				LD_RUNPATH_SEARCH_PATHS = "$(inherited) @executable_path/Frameworks";
				PRODUCT_NAME = "$(TARGET_NAME)";
				SWIFT_OBJC_BRIDGING_HEADER = "arcturus-Bridging-Header.h";
				SWIFT_OPTIMIZATION_LEVEL = "-Onone";
			};
			name = Debug;
		};
		FBE7DD7519873D2D001EDF86 /* Release */ = {
			isa = XCBuildConfiguration;
			baseConfigurationReference = 788BFC914A024885850A9728 /* Pods-arcturus.xcconfig */;
			buildSettings = {
				ASSETCATALOG_COMPILER_APPICON_NAME = AppIcon;
				ASSETCATALOG_COMPILER_LAUNCHIMAGE_NAME = LaunchImage;
				CLANG_ENABLE_MODULES = YES;
				INFOPLIST_FILE = arcturus/Info.plist;
				LD_RUNPATH_SEARCH_PATHS = "$(inherited) @executable_path/Frameworks";
				PRODUCT_NAME = "$(TARGET_NAME)";
				SWIFT_OBJC_BRIDGING_HEADER = "arcturus-Bridging-Header.h";
			};
			name = Release;
		};
		FBE7DD7719873D2D001EDF86 /* Debug */ = {
			isa = XCBuildConfiguration;
			buildSettings = {
				BUNDLE_LOADER = "$(BUILT_PRODUCTS_DIR)/arcturus.app/arcturus";
				FRAMEWORK_SEARCH_PATHS = (
					"$(SDKROOT)/Developer/Library/Frameworks",
					"$(inherited)",
				);
				GCC_PREPROCESSOR_DEFINITIONS = (
					"DEBUG=1",
					"$(inherited)",
				);
				INFOPLIST_FILE = arcturusTests/Info.plist;
				LD_RUNPATH_SEARCH_PATHS = "$(inherited) @executable_path/Frameworks @loader_path/Frameworks";
				PRODUCT_NAME = "$(TARGET_NAME)";
				TEST_HOST = "$(BUNDLE_LOADER)";
			};
			name = Debug;
		};
		FBE7DD7819873D2D001EDF86 /* Release */ = {
			isa = XCBuildConfiguration;
			buildSettings = {
				BUNDLE_LOADER = "$(BUILT_PRODUCTS_DIR)/arcturus.app/arcturus";
				FRAMEWORK_SEARCH_PATHS = (
					"$(SDKROOT)/Developer/Library/Frameworks",
					"$(inherited)",
				);
				INFOPLIST_FILE = arcturusTests/Info.plist;
				LD_RUNPATH_SEARCH_PATHS = "$(inherited) @executable_path/Frameworks @loader_path/Frameworks";
				PRODUCT_NAME = "$(TARGET_NAME)";
				TEST_HOST = "$(BUNDLE_LOADER)";
			};
			name = Release;
		};
/* End XCBuildConfiguration section */

/* Begin XCConfigurationList section */
		FBE7DD4F19873D2D001EDF86 /* Build configuration list for PBXProject "arcturus" */ = {
			isa = XCConfigurationList;
			buildConfigurations = (
				FBE7DD7119873D2D001EDF86 /* Debug */,
				FBE7DD7219873D2D001EDF86 /* Release */,
			);
			defaultConfigurationIsVisible = 0;
			defaultConfigurationName = Release;
		};
		FBE7DD7319873D2D001EDF86 /* Build configuration list for PBXNativeTarget "arcturus" */ = {
			isa = XCConfigurationList;
			buildConfigurations = (
				FBE7DD7419873D2D001EDF86 /* Debug */,
				FBE7DD7519873D2D001EDF86 /* Release */,
			);
			defaultConfigurationIsVisible = 0;
			defaultConfigurationName = Release;
		};
		FBE7DD7619873D2D001EDF86 /* Build configuration list for PBXNativeTarget "arcturusTests" */ = {
			isa = XCConfigurationList;
			buildConfigurations = (
				FBE7DD7719873D2D001EDF86 /* Debug */,
				FBE7DD7819873D2D001EDF86 /* Release */,
			);
			defaultConfigurationIsVisible = 0;
			defaultConfigurationName = Release;
		};
/* End XCConfigurationList section */

/* Begin XCVersionGroup section */
		FBE7DD5B19873D2D001EDF86 /* arcturus.xcdatamodeld */ = {
			isa = XCVersionGroup;
			children = (
				FBE7DD5C19873D2D001EDF86 /* arcturus.xcdatamodel */,
			);
			currentVersion = FBE7DD5C19873D2D001EDF86 /* arcturus.xcdatamodel */;
			path = arcturus.xcdatamodeld;
			sourceTree = "<group>";
			versionGroupType = wrapper.xcdatamodel;
		};
/* End XCVersionGroup section */
	};
	rootObject = FBE7DD4C19873D2D001EDF86 /* Project object */;
}
